<?xml version="1.0" encoding="utf-8"?>
<Project ToolsVersion="4.0" xmlns="http://schemas.microsoft.com/developer/msbuild/2003">
  <ItemGroup>
    <ClCompile Include="engine\core\State.cpp" />
    <ClCompile Include="engine\input\Keyboard.cpp" />
    <ClCompile Include="game\states\CreditsState.cpp" />
    <ClCompile Include="engine\widgets\Button.cpp" />
    <ClCompile Include="game\entities\Enemy.cpp" />
    <ClCompile Include="engine\core\State.cpp" />
    <ClCompile Include="engine\input\Keyboard.cpp" />
    <ClCompile Include="Game.cpp" />
    <ClCompile Include="game\states\GameSelectionState.cpp" />
    <ClCompile Include="game\entities\Ball.cpp" />
    <ClCompile Include="engine\world\Body.cpp" />
    <ClCompile Include="engine\util\Color.cpp" />
    <ClCompile Include="engine\core\Engine.cpp" />
    <ClCompile Include="engine\util\Config.cpp" />
    <ClCompile Include="engine\util\Log.cpp" />
    <ClCompile Include="engine\util\SDL.cpp" />
    <ClCompile Include="engine\util\Utils.cpp" />
    <ClCompile Include="game\states\GameState.cpp" />
    <ClCompile Include="game\main.cpp" />
    <ClCompile Include="engine\graphics\Window.cpp" />
    <ClCompile Include="engine\graphics\Sprite.cpp" />
    <ClCompile Include="game\states\SplashScreenState.cpp" />
    <ClCompile Include="engine\world\World.cpp" />
    <ClCompile Include="game\entities\Player.cpp" />
    <ClCompile Include="engine\core\StateContext.cpp" />
    <ClCompile Include="engine\world\parser\TMXParser.cpp" />
    <ClCompile Include="game\map\LevelReader.cpp" />
    <ClCompile Include="engine\core-entities\FpsCounter.cpp" />
    <ClCompile Include="engine\core-entities\TextualEntity.cpp" />
    <ClCompile Include="game\entities\Score.cpp" />
    <ClCompile Include="engine\core-entities\DrawableEntity.cpp" />
    <ClCompile Include="engine\graphics\render-strategies\RenderTextStrategy.cpp" />
    <ClCompile Include="engine\graphics\render-strategies\RenderDrawableStrategy.cpp" />
    <ClCompile Include="engine\graphics\render-strategies\RenderDrawableDebugStrategy.cpp" />
    <ClCompile Include="game\states\MenuState.cpp" />
    <ClCompile Include="engine\input\Mouse.cpp" />
    <ClCompile Include="engine\widgets\Widget.cpp" />
    <ClCompile Include="engine\widgets\Label.cpp" />
    <ClCompile Include="game\entities\Timer.cpp" />
    <ClCompile Include="engine\core\AudioController.cpp" />
    <ClCompile Include="game\states\TransitionState.cpp" />
    <ClCompile Include="game\states\AchievementsState.cpp" />
    <ClCompile Include="engine\util\Highscore.cpp" />
    <ClCompile Include="game\states\HelpState.cpp" />
    <ClCompile Include="engine\location\Graph.cpp" />
    <ClCompile Include="engine\location\Vertex.cpp" />
    <ClCompile Include="engine\location\Edge.cpp" />
    <ClCompile Include="engine\location\Path.cpp" />
    <ClCompile Include="GraphRepository.cpp" />
  </ItemGroup>
  <ItemGroup>
    <ClInclude Include="game\states\CreditsState.h" />
    <ClInclude Include="engine\input\OnClickListener.h" />
    <ClInclude Include="engine\widgets\Button.h" />
    <ClInclude Include="game\entities\Enemy.h" />
    <ClInclude Include="engine\Entities\FpsCounter.h" />
    <ClInclude Include="engine\input\Keyboard.h" />
    <ClInclude Include="engine\world\parser\rapidxml\rapidxml.hpp" />
    <ClInclude Include="engine\world\parser\rapidxml\rapidxml_iterators.hpp" />
    <ClInclude Include="engine\world\parser\rapidxml\rapidxml_print.hpp" />
    <ClInclude Include="engine\world\parser\rapidxml\rapidxml_utils.hpp" />
    <ClInclude Include="Game.h" />
    <ClInclude Include="game\states\GameSelectionState.h" />
    <ClInclude Include="game\entities\Ball.h" />
    <ClInclude Include="engine\world\Body.h" />
    <ClInclude Include="engine\core\Entity.h" />
    <ClInclude Include="engine\util\Color.h" />
    <ClInclude Include="engine\core\Engine.h" />
    <ClInclude Include="engine\core\State.h" />
    <ClInclude Include="engine\util\Config.h" />
    <ClInclude Include="engine\util\Log.h" />
    <ClInclude Include="engine\util\SDL.h" />
    <ClInclude Include="engine\util\Utils.h" />
    <ClInclude Include="engine\graphics\Window.h" />
    <ClInclude Include="engine\graphics\Sprite.h" />
    <ClInclude Include="game\states\GameState.h" />
    <ClInclude Include="game\states\SplashScreenState.h" />
    <ClInclude Include="engine\graphics\Screen.h" />
    <ClInclude Include="engine\world\World.h" />
    <ClInclude Include="game\entities\Player.h" />
    <ClInclude Include="engine\core\StateContext.h" />
    <ClInclude Include="engine\world\parser\TMXParser.h" />
    <ClInclude Include="game\map\LevelReader.h" />
    <ClInclude Include="engine\core-entities\FpsCounter.h" />
    <ClInclude Include="engine\core-entities\TextualEntity.h" />
    <ClInclude Include="game\entities\Score.h" />
    <ClInclude Include="engine\core-entities\DrawableEntity.h" />
    <ClInclude Include="engine\graphics\render-strategies\IRenderStrategy.h" />
    <ClInclude Include="engine\graphics\render-strategies\RenderTextStrategy.h" />
    <ClInclude Include="engine\graphics\render-strategies\data-providers\ITextRenderDataPorvider.h" />
    <ClInclude Include="engine\graphics\render-strategies\data-providers\IDrawableRenderDataProvider.h" />
    <ClInclude Include="engine\graphics\render-strategies\RenderDrawableStrategy.h" />
    <ClInclude Include="engine\graphics\render-strategies\RenderDrawableDebugStrategy.h" />
    <ClInclude Include="game\states\MenuState.h" />
    <ClInclude Include="engine\input\Mouse.h" />
    <ClInclude Include="engine\widgets\Widget.h" />
    <ClInclude Include="engine\widgets\Label.h" />
    <ClInclude Include="game\entities\Timer.h" />
    <ClInclude Include="engine\core\AudioController.h" />
    <ClInclude Include="game\states\TransitionState.h" />
    <ClInclude Include="game\states\AchievementsState.h" />
    <ClInclude Include="engine\util\Highscore.h" />
    <ClInclude Include="game\states\HelpState.h" />
    <ClInclude Include="engine\location\Graph.h" />
    <ClInclude Include="engine\location\Vertex.h" />
    <ClInclude Include="engine\location\Edge.h" />
    <ClInclude Include="engine\location\Path.h" />
    <ClInclude Include="GraphRepository.h" />
  </ItemGroup>
  <ItemGroup>
    <Text Include="highscores.txt" />
  </ItemGroup>
  <ItemGroup>
    <Font Include="engine\res\fonts\VCR_OSD_MONO_1.001.ttf" />
  </ItemGroup>
</Project>