<?xml version="1.0" encoding="utf-8"?>
<Project ToolsVersion="4.0" xmlns="http://schemas.microsoft.com/developer/msbuild/2003">
  <ItemGroup>
    <Filter Include="Core">
      <UniqueIdentifier>{dda93370-a16e-4c8e-b4e9-49fe2f4dc84f}</UniqueIdentifier>
    </Filter>
    <Filter Include="Utilities">
      <UniqueIdentifier>{5c07e945-c681-411a-b20c-16a303e9648f}</UniqueIdentifier>
    </Filter>
    <Filter Include="Render">
      <UniqueIdentifier>{387b936a-de80-4073-b2da-a3c05d3aaa9e}</UniqueIdentifier>
    </Filter>
  </ItemGroup>
  <ItemGroup>
    <ClInclude Include="Engine.h">
      <Filter>Core</Filter>
    </ClInclude>
    <ClInclude Include="StateManager.h">
      <Filter>Core</Filter>
    </ClInclude>
    <ClInclude Include="State.h">
      <Filter>Core</Filter>
    </ClInclude>
    <ClInclude Include="TextureManager.h">
      <Filter>Core</Filter>
    </ClInclude>
    <ClInclude Include="Texture.h">
      <Filter>Render</Filter>
    </ClInclude>
    <ClInclude Include="Image.h">
      <Filter>Render</Filter>
    </ClInclude>
    <ClInclude Include="Text.h" />
    <ClInclude Include="SDL.h">
      <Filter>Utilities</Filter>
    </ClInclude>
    <ClInclude Include="Log.h">
      <Filter>Utilities</Filter>
    </ClInclude>
    <ClInclude Include="Config.h">
      <Filter>Utilities</Filter>
    </ClInclude>
    <ClInclude Include="Utils.h">
      <Filter>Utilities</Filter>
    </ClInclude>
    <ClInclude Include="Window.h">
      <Filter>Render</Filter>
    </ClInclude>
    <ClInclude Include="Color.h">
      <Filter>Utilities</Filter>
    </ClInclude>
  </ItemGroup>
  <ItemGroup>
    <ClCompile Include="Engine.cpp">
      <Filter>Core</Filter>
    </ClCompile>
    <ClCompile Include="StateManager.cpp">
      <Filter>Core</Filter>
    </ClCompile>
    <ClCompile Include="TextureManager.cpp">
      <Filter>Core</Filter>
    </ClCompile>
    <ClCompile Include="Texture.cpp">
      <Filter>Render</Filter>
    </ClCompile>
    <ClCompile Include="Image.cpp">
      <Filter>Render</Filter>
    </ClCompile>
    <ClCompile Include="Text.cpp" />
    <ClCompile Include="SDL.cpp">
      <Filter>Utilities</Filter>
    </ClCompile>
    <ClCompile Include="Log.cpp">
      <Filter>Utilities</Filter>
    </ClCompile>
    <ClCompile Include="Config.cpp">
      <Filter>Utilities</Filter>
    </ClCompile>
    <ClCompile Include="Utils.cpp">
      <Filter>Utilities</Filter>
    </ClCompile>
    <ClCompile Include="Window.cpp">
      <Filter>Render</Filter>
    </ClCompile>
    <ClCompile Include="Color.cpp">
      <Filter>Utilities</Filter>
    </ClCompile>
  </ItemGroup>
</Project>