<?xml version="1.0" encoding="utf-8"?>
<Project ToolsVersion="4.0" xmlns="http://schemas.microsoft.com/developer/msbuild/2003">
  <ItemGroup>
    <Filter Include="Core">
      <UniqueIdentifier>{71a07582-5b80-4b11-bb9e-34b3f3ef0f3d}</UniqueIdentifier>
    </Filter>
    <Filter Include="Utils">
      <UniqueIdentifier>{ac389ffc-e0ca-42cb-9d17-8be6a5d560e7}</UniqueIdentifier>
    </Filter>
    <Filter Include="Audio">
      <UniqueIdentifier>{f8e16c3c-ba44-427f-9fc3-62b19c99626f}</UniqueIdentifier>
    <Filter Include="Input">
      <UniqueIdentifier>{13ed3d4c-c96a-410b-bd36-9227b5054ac8}</UniqueIdentifier>
    </Filter>
    <Filter Include="Render">
      <UniqueIdentifier>{9aaf92e2-51fb-4b88-9bd0-f81915af673d}</UniqueIdentifier>
    </Filter>
    <Filter Include="Interface">
      <UniqueIdentifier>{e1aa4f1a-43c8-4802-9a1e-9b59d93087bd}</UniqueIdentifier>
    </Filter>
  </ItemGroup>
  <ItemGroup>
    <ClCompile Include="Console.cpp">
      <Filter>Utils</Filter>
    </ClCompile>
    <ClCompile Include="Game.cpp" />
    <ClCompile Include="Window.cpp">
      <Filter>Interface</Filter>
    </ClCompile>
    <ClCompile Include="AudioController.cpp">
      <Filter>Audio</Filter>
    <ClCompile Include="TextureManager.cpp">
      <Filter>Render</Filter>
    </ClCompile>
  </ItemGroup>
  <ItemGroup>
    <ClInclude Include="Console.h">
      <Filter>Utils</Filter>
    </ClInclude>    <ClInclude Include="Game.h" />
    <ClInclude Include="Window.h">
      <Filter>Interface</Filter>
    </ClInclude>
    <ClInclude Include="IState.h">
      <Filter>Core</Filter>
    </ClInclude>
    <ClInclude Include="AudioController.h">
      <Filter>Audio</Filter>
    <ClInclude Include="TextureManager.h">
      <Filter>Render</Filter>
    </ClInclude>
  </ItemGroup>
</Project>